
Microsoft Visual Studio Solution File, Format Version 12.00
# Visual Studio Version 17
VisualStudioVersion = 17.7.34202.233
MinimumVisualStudioVersion = 10.0.40219.1
Project("{9A19103F-16F7-4668-BE54-9A1E7A4F7556}") = "P01-DemoClasses", "P01-DemoClasses\P01-DemoClasses.csproj", "{229A9A47-108D-4B3D-A071-46249DC2AD2A}"
EndProject
Project("{9A19103F-16F7-4668-BE54-9A1E7A4F7556}") = "P02-Dem02", "P02-Dem02\P02-Dem02.csproj", "{CA7802FA-ACED-4B2E-8747-2A116C44307C}"
EndProject
Project("{9A19103F-16F7-4668-BE54-9A1E7A4F7556}") = "P03-AntiqueBookstore", "P03-AntiqueBookstore\P03-AntiqueBookstore.csproj", "{47FD6C2F-1B27-42E1-9531-67343197390E}"
EndProject
Project("{9A19103F-16F7-4668-BE54-9A1E7A4F7556}") = "P04-ClassBoxData", "P04-ClassBoxData\P04-ClassBoxData.csproj", "{2B7D1759-94BB-4A53-801A-258C51EE12F9}"
EndProject
Project("{9A19103F-16F7-4668-BE54-9A1E7A4F7556}") = "P05-Zoo", "P05-Zoo\P05-Zoo.csproj", "{30C6A3D9-D1C1-419F-BB37-56E12692D2F8}"
EndProject
Project("{9A19103F-16F7-4668-BE54-9A1E7A4F7556}") = "P06-Animals", "P06-Animals\P06-Animals.csproj", "{4CF1F358-74FF-4506-B946-E595DE618FC8}"
EndProject
Project("{FAE04EC0-301F-11D3-BF4B-00C04F79EFBC}") = "P07-Telephony", "P07-Telephony\P07-Telephony.csproj", "{7721E969-23CE-413B-8E94-46D7BA919764}"
EndProject
Project("{FAE04EC0-301F-11D3-BF4B-00C04F79EFBC}") = "P08-CompanyHierarchy", "P08-CompanyHierarchy\P08-CompanyHierarchy.csproj", "{F4AA8F7B-2EC2-4CC6-AE44-48B3868DCB36}"
EndProject
Global
	GlobalSection(SolutionConfigurationPlatforms) = preSolution
		Debug|Any CPU = Debug|Any CPU
		Release|Any CPU = Release|Any CPU
	EndGlobalSection
	GlobalSection(ProjectConfigurationPlatforms) = postSolution
		{229A9A47-108D-4B3D-A071-46249DC2AD2A}.Debug|Any CPU.ActiveCfg = Debug|Any CPU
		{229A9A47-108D-4B3D-A071-46249DC2AD2A}.Debug|Any CPU.Build.0 = Debug|Any CPU
		{229A9A47-108D-4B3D-A071-46249DC2AD2A}.Release|Any CPU.ActiveCfg = Release|Any CPU
		{229A9A47-108D-4B3D-A071-46249DC2AD2A}.Release|Any CPU.Build.0 = Release|Any CPU
		{CA7802FA-ACED-4B2E-8747-2A116C44307C}.Debug|Any CPU.ActiveCfg = Debug|Any CPU
		{CA7802FA-ACED-4B2E-8747-2A116C44307C}.Debug|Any CPU.Build.0 = Debug|Any CPU
		{CA7802FA-ACED-4B2E-8747-2A116C44307C}.Release|Any CPU.ActiveCfg = Release|Any CPU
		{CA7802FA-ACED-4B2E-8747-2A116C44307C}.Release|Any CPU.Build.0 = Release|Any CPU
		{47FD6C2F-1B27-42E1-9531-67343197390E}.Debug|Any CPU.ActiveCfg = Debug|Any CPU
		{47FD6C2F-1B27-42E1-9531-67343197390E}.Debug|Any CPU.Build.0 = Debug|Any CPU
		{47FD6C2F-1B27-42E1-9531-67343197390E}.Release|Any CPU.ActiveCfg = Release|Any CPU
		{47FD6C2F-1B27-42E1-9531-67343197390E}.Release|Any CPU.Build.0 = Release|Any CPU
		{2B7D1759-94BB-4A53-801A-258C51EE12F9}.Debug|Any CPU.ActiveCfg = Debug|Any CPU
		{2B7D1759-94BB-4A53-801A-258C51EE12F9}.Debug|Any CPU.Build.0 = Debug|Any CPU
		{2B7D1759-94BB-4A53-801A-258C51EE12F9}.Release|Any CPU.ActiveCfg = Release|Any CPU
		{2B7D1759-94BB-4A53-801A-258C51EE12F9}.Release|Any CPU.Build.0 = Release|Any CPU
		{30C6A3D9-D1C1-419F-BB37-56E12692D2F8}.Debug|Any CPU.ActiveCfg = Debug|Any CPU
		{30C6A3D9-D1C1-419F-BB37-56E12692D2F8}.Debug|Any CPU.Build.0 = Debug|Any CPU
		{30C6A3D9-D1C1-419F-BB37-56E12692D2F8}.Release|Any CPU.ActiveCfg = Release|Any CPU
		{30C6A3D9-D1C1-419F-BB37-56E12692D2F8}.Release|Any CPU.Build.0 = Release|Any CPU
		{4CF1F358-74FF-4506-B946-E595DE618FC8}.Debug|Any CPU.ActiveCfg = Debug|Any CPU
		{4CF1F358-74FF-4506-B946-E595DE618FC8}.Debug|Any CPU.Build.0 = Debug|Any CPU
		{4CF1F358-74FF-4506-B946-E595DE618FC8}.Release|Any CPU.ActiveCfg = Release|Any CPU
		{4CF1F358-74FF-4506-B946-E595DE618FC8}.Release|Any CPU.Build.0 = Release|Any CPU
		{7721E969-23CE-413B-8E94-46D7BA919764}.Debug|Any CPU.ActiveCfg = Debug|Any CPU
		{7721E969-23CE-413B-8E94-46D7BA919764}.Debug|Any CPU.Build.0 = Debug|Any CPU
		{7721E969-23CE-413B-8E94-46D7BA919764}.Release|Any CPU.ActiveCfg = Release|Any CPU
		{7721E969-23CE-413B-8E94-46D7BA919764}.Release|Any CPU.Build.0 = Release|Any CPU
		{F4AA8F7B-2EC2-4CC6-AE44-48B3868DCB36}.Debug|Any CPU.ActiveCfg = Debug|Any CPU
		{F4AA8F7B-2EC2-4CC6-AE44-48B3868DCB36}.Debug|Any CPU.Build.0 = Debug|Any CPU
		{F4AA8F7B-2EC2-4CC6-AE44-48B3868DCB36}.Release|Any CPU.ActiveCfg = Release|Any CPU
		{F4AA8F7B-2EC2-4CC6-AE44-48B3868DCB36}.Release|Any CPU.Build.0 = Release|Any CPU
	EndGlobalSection
	GlobalSection(SolutionProperties) = preSolution
		HideSolutionNode = FALSE
	EndGlobalSection
	GlobalSection(ExtensibilityGlobals) = postSolution
		SolutionGuid = {6217F398-19B1-4E05-A13F-BF1285038EFE}
	EndGlobalSection
EndGlobal
